// !$*UTF8*$!
{
	archiveVersion = 1;
	classes = {
	};
	objectVersion = 46;
	objects = {

/* Begin PBXBuildFile section */
		09030CB41D7925AE00106B5E /* ZYHttpClient.m in Sources */ = {isa = PBXBuildFile; fileRef = 09030CB31D7925AE00106B5E /* ZYHttpClient.m */; };
		09030CB61D7945A000106B5E /* SystemConfiguration.framework in Frameworks */ = {isa = PBXBuildFile; fileRef = 09030CB51D7945A000106B5E /* SystemConfiguration.framework */; };
		09122D841D8142740082EF20 /* ZYNewFeatureVc.m in Sources */ = {isa = PBXBuildFile; fileRef = 09122D831D8142740082EF20 /* ZYNewFeatureVc.m */; };
		09122D8C1D825CD70082EF20 /* ZYFeatureViewModel.m in Sources */ = {isa = PBXBuildFile; fileRef = 09122D8B1D825CD70082EF20 /* ZYFeatureViewModel.m */; };
		0917CB581D7FB91E00B4F4B2 /* ZYHomeVc.m in Sources */ = {isa = PBXBuildFile; fileRef = 0917CB541D7FB91E00B4F4B2 /* ZYHomeVc.m */; };
		0917CB591D7FB91E00B4F4B2 /* ZYHomeVc.xib in Resources */ = {isa = PBXBuildFile; fileRef = 0917CB551D7FB91E00B4F4B2 /* ZYHomeVc.xib */; };
		0917CB5C1D7FB99100B4F4B2 /* ZYHomeViewModel.m in Sources */ = {isa = PBXBuildFile; fileRef = 0917CB5B1D7FB99100B4F4B2 /* ZYHomeViewModel.m */; };
		0917CB5F1D7FBE0D00B4F4B2 /* ZYNotLoginView.m in Sources */ = {isa = PBXBuildFile; fileRef = 0917CB5E1D7FBE0D00B4F4B2 /* ZYNotLoginView.m */; };
		0917CB611D7FBE2300B4F4B2 /* ZYNotLoginView.xib in Resources */ = {isa = PBXBuildFile; fileRef = 0917CB601D7FBE2300B4F4B2 /* ZYNotLoginView.xib */; };
		0948B7F51D7AA35D00524F98 /* ZYLoginViewModel.m in Sources */ = {isa = PBXBuildFile; fileRef = 0948B7F41D7AA35D00524F98 /* ZYLoginViewModel.m */; };
		0948B7FC1D7BF8F000524F98 /* MBProgressHUD+MJ.m in Sources */ = {isa = PBXBuildFile; fileRef = 0948B7F81D7BF8F000524F98 /* MBProgressHUD+MJ.m */; };
		0948B7FD1D7BF8F000524F98 /* MBProgressHUD.bundle in Resources */ = {isa = PBXBuildFile; fileRef = 0948B7F91D7BF8F000524F98 /* MBProgressHUD.bundle */; };
		0948B7FE1D7BF8F000524F98 /* MBProgressHUD.m in Sources */ = {isa = PBXBuildFile; fileRef = 0948B7FB1D7BF8F000524F98 /* MBProgressHUD.m */; };
		0948B8021D7BFCA400524F98 /* ZYTokenEntity.m in Sources */ = {isa = PBXBuildFile; fileRef = 0948B8011D7BFCA400524F98 /* ZYTokenEntity.m */; };
		0948B8051D7BFDB500524F98 /* NSObject+PropertyCode.m in Sources */ = {isa = PBXBuildFile; fileRef = 0948B8041D7BFDB500524F98 /* NSObject+PropertyCode.m */; };
		0948B80E1D7D1A1300524F98 /* NSString+Sha1.m in Sources */ = {isa = PBXBuildFile; fileRef = 0948B8091D7D1A1200524F98 /* NSString+Sha1.m */; };
		0948B80F1D7D1A1300524F98 /* Reachability.m in Sources */ = {isa = PBXBuildFile; fileRef = 0948B80B1D7D1A1200524F98 /* Reachability.m */; };
		0948B8101D7D1A1300524F98 /* RNCachingURLProtocol.m in Sources */ = {isa = PBXBuildFile; fileRef = 0948B80D1D7D1A1200524F98 /* RNCachingURLProtocol.m */; };
		0948B8131D7D22DB00524F98 /* ZYBaseTabBarVc.m in Sources */ = {isa = PBXBuildFile; fileRef = 0948B8121D7D22DB00524F98 /* ZYBaseTabBarVc.m */; };
		0948B8161D7D24A800524F98 /* MainVCSettings.json in Resources */ = {isa = PBXBuildFile; fileRef = 0948B8151D7D24A800524F98 /* MainVCSettings.json */; };
		0948B8191D7D252A00524F98 /* ZYTabBarViewModel.m in Sources */ = {isa = PBXBuildFile; fileRef = 0948B8181D7D252A00524F98 /* ZYTabBarViewModel.m */; };
		0948B81C1D7D25F100524F98 /* ZYVcSettingEntity.m in Sources */ = {isa = PBXBuildFile; fileRef = 0948B81B1D7D25F100524F98 /* ZYVcSettingEntity.m */; };
		0948B8251D7D2A1100524F98 /* ZYMessageVc.m in Sources */ = {isa = PBXBuildFile; fileRef = 0948B8231D7D2A1100524F98 /* ZYMessageVc.m */; };
		0948B8261D7D2A1100524F98 /* ZYMessageVc.xib in Resources */ = {isa = PBXBuildFile; fileRef = 0948B8241D7D2A1100524F98 /* ZYMessageVc.xib */; };
		0948B82A1D7D2A4100524F98 /* ZYDiscoverVc.m in Sources */ = {isa = PBXBuildFile; fileRef = 0948B8281D7D2A4100524F98 /* ZYDiscoverVc.m */; };
		0948B82B1D7D2A4100524F98 /* ZYDiscoverVc.xib in Resources */ = {isa = PBXBuildFile; fileRef = 0948B8291D7D2A4100524F98 /* ZYDiscoverVc.xib */; };
		0948B82F1D7D2A5B00524F98 /* ZYProfileVc.m in Sources */ = {isa = PBXBuildFile; fileRef = 0948B82D1D7D2A5B00524F98 /* ZYProfileVc.m */; };
		0948B8301D7D2A5B00524F98 /* ZYProfileVc.xib in Resources */ = {isa = PBXBuildFile; fileRef = 0948B82E1D7D2A5B00524F98 /* ZYProfileVc.xib */; };
		0948B8331D7D2B6E00524F98 /* ZYNullVc.m in Sources */ = {isa = PBXBuildFile; fileRef = 0948B8321D7D2B6E00524F98 /* ZYNullVc.m */; };
		096EC39E1D79549300580848 /* ZYRequestHander.m in Sources */ = {isa = PBXBuildFile; fileRef = 096EC39D1D79549300580848 /* ZYRequestHander.m */; };
		097317E41D77187E007D8082 /* ZYLoginVc.m in Sources */ = {isa = PBXBuildFile; fileRef = 097317E21D77187E007D8082 /* ZYLoginVc.m */; };
		097317E51D77187E007D8082 /* ZYLoginVc.xib in Resources */ = {isa = PBXBuildFile; fileRef = 097317E31D77187E007D8082 /* ZYLoginVc.xib */; };
		098685131D77D97C006AB774 /* UIView+ZYPosition.m in Sources */ = {isa = PBXBuildFile; fileRef = 098685121D77D97C006AB774 /* UIView+ZYPosition.m */; };
		098685161D77DB60006AB774 /* ZYFilePathUtil.m in Sources */ = {isa = PBXBuildFile; fileRef = 098685151D77DB60006AB774 /* ZYFilePathUtil.m */; };
		0986851C1D77E209006AB774 /* NSString+ZYAccessPath.m in Sources */ = {isa = PBXBuildFile; fileRef = 0986851B1D77E209006AB774 /* NSString+ZYAccessPath.m */; };
		0986851F1D77E644006AB774 /* ZYDefaultAccessUtil.m in Sources */ = {isa = PBXBuildFile; fileRef = 0986851E1D77E644006AB774 /* ZYDefaultAccessUtil.m */; };
		0989A07D1D7832530050BA22 /* ZYUrlAccessUtil.m in Sources */ = {isa = PBXBuildFile; fileRef = 0989A07C1D7832530050BA22 /* ZYUrlAccessUtil.m */; };
		0989A0811D7848D90050BA22 /* NSString+Hashing.m in Sources */ = {isa = PBXBuildFile; fileRef = 0989A0801D7848D90050BA22 /* NSString+Hashing.m */; };
		09BCE6C01D87EC8F00C83D61 /* ZYTransitionUtil.m in Sources */ = {isa = PBXBuildFile; fileRef = 09BCE6BF1D87EC8E00C83D61 /* ZYTransitionUtil.m */; };
		09C4C7721D76BBC3002B21E2 /* main.m in Sources */ = {isa = PBXBuildFile; fileRef = 09C4C7711D76BBC3002B21E2 /* main.m */; };
		09C4C7751D76BBC3002B21E2 /* AppDelegate.m in Sources */ = {isa = PBXBuildFile; fileRef = 09C4C7741D76BBC3002B21E2 /* AppDelegate.m */; };
		09C4C77E1D76BBC3002B21E2 /* ReactiveCocoaDemo.xcdatamodeld in Sources */ = {isa = PBXBuildFile; fileRef = 09C4C77C1D76BBC3002B21E2 /* ReactiveCocoaDemo.xcdatamodeld */; };
		09C4C7801D76BBC3002B21E2 /* Assets.xcassets in Resources */ = {isa = PBXBuildFile; fileRef = 09C4C77F1D76BBC3002B21E2 /* Assets.xcassets */; };
		09C4C78E1D76BBC3002B21E2 /* ReactiveCocoaDemoTests.m in Sources */ = {isa = PBXBuildFile; fileRef = 09C4C78D1D76BBC3002B21E2 /* ReactiveCocoaDemoTests.m */; };
		09C4C7991D76BBC3002B21E2 /* ReactiveCocoaDemoUITests.m in Sources */ = {isa = PBXBuildFile; fileRef = 09C4C7981D76BBC3002B21E2 /* ReactiveCocoaDemoUITests.m */; };
		09C4C7B51D76D317002B21E2 /* ZYBaseEntity.m in Sources */ = {isa = PBXBuildFile; fileRef = 09C4C7B41D76D317002B21E2 /* ZYBaseEntity.m */; };
		09C4C7BB1D76D348002B21E2 /* ZYBaseViewController.m in Sources */ = {isa = PBXBuildFile; fileRef = 09C4C7BA1D76D348002B21E2 /* ZYBaseViewController.m */; };
		09C4C7BE1D76D397002B21E2 /* ZYBaseViewModel.m in Sources */ = {isa = PBXBuildFile; fileRef = 09C4C7BD1D76D397002B21E2 /* ZYBaseViewModel.m */; };
		5761515A04C2DD57E60C519B /* Pods_ReactiveCocoaDemo.framework in Frameworks */ = {isa = PBXBuildFile; fileRef = D2E8596DD081B8CC055D0426 /* Pods_ReactiveCocoaDemo.framework */; };
/* End PBXBuildFile section */

/* Begin PBXContainerItemProxy section */
		09C4C78A1D76BBC3002B21E2 /* PBXContainerItemProxy */ = {
			isa = PBXContainerItemProxy;
			containerPortal = 09C4C7651D76BBC3002B21E2 /* Project object */;
			proxyType = 1;
			remoteGlobalIDString = 09C4C76C1D76BBC3002B21E2;
			remoteInfo = ReactiveCocoaDemo;
		};
		09C4C7951D76BBC3002B21E2 /* PBXContainerItemProxy */ = {
			isa = PBXContainerItemProxy;
			containerPortal = 09C4C7651D76BBC3002B21E2 /* Project object */;
			proxyType = 1;
			remoteGlobalIDString = 09C4C76C1D76BBC3002B21E2;
			remoteInfo = ReactiveCocoaDemo;
		};
/* End PBXContainerItemProxy section */

/* Begin PBXFileReference section */
		09030CB21D7925AE00106B5E /* ZYHttpClient.h */ = {isa = PBXFileReference; fileEncoding = 4; lastKnownFileType = sourcecode.c.h; path = ZYHttpClient.h; sourceTree = "<group>"; };
		09030CB31D7925AE00106B5E /* ZYHttpClient.m */ = {isa = PBXFileReference; fileEncoding = 4; lastKnownFileType = sourcecode.c.objc; path = ZYHttpClient.m; sourceTree = "<group>"; };
		09030CB51D7945A000106B5E /* SystemConfiguration.framework */ = {isa = PBXFileReference; lastKnownFileType = wrapper.framework; name = SystemConfiguration.framework; path = System/Library/Frameworks/SystemConfiguration.framework; sourceTree = SDKROOT; };
		09122D821D8142740082EF20 /* ZYNewFeatureVc.h */ = {isa = PBXFileReference; fileEncoding = 4; lastKnownFileType = sourcecode.c.h; path = ZYNewFeatureVc.h; sourceTree = "<group>"; };
		09122D831D8142740082EF20 /* ZYNewFeatureVc.m */ = {isa = PBXFileReference; fileEncoding = 4; lastKnownFileType = sourcecode.c.objc; path = ZYNewFeatureVc.m; sourceTree = "<group>"; };
		09122D8A1D825CD70082EF20 /* ZYFeatureViewModel.h */ = {isa = PBXFileReference; fileEncoding = 4; lastKnownFileType = sourcecode.c.h; path = ZYFeatureViewModel.h; sourceTree = "<group>"; };
		09122D8B1D825CD70082EF20 /* ZYFeatureViewModel.m */ = {isa = PBXFileReference; fileEncoding = 4; lastKnownFileType = sourcecode.c.objc; path = ZYFeatureViewModel.m; sourceTree = "<group>"; };
		0917CB531D7FB91E00B4F4B2 /* ZYHomeVc.h */ = {isa = PBXFileReference; fileEncoding = 4; lastKnownFileType = sourcecode.c.h; path = ZYHomeVc.h; sourceTree = "<group>"; };
		0917CB541D7FB91E00B4F4B2 /* ZYHomeVc.m */ = {isa = PBXFileReference; fileEncoding = 4; lastKnownFileType = sourcecode.c.objc; path = ZYHomeVc.m; sourceTree = "<group>"; };
		0917CB551D7FB91E00B4F4B2 /* ZYHomeVc.xib */ = {isa = PBXFileReference; fileEncoding = 4; lastKnownFileType = file.xib; path = ZYHomeVc.xib; sourceTree = "<group>"; };
		0917CB5A1D7FB99100B4F4B2 /* ZYHomeViewModel.h */ = {isa = PBXFileReference; fileEncoding = 4; lastKnownFileType = sourcecode.c.h; path = ZYHomeViewModel.h; sourceTree = "<group>"; };
		0917CB5B1D7FB99100B4F4B2 /* ZYHomeViewModel.m */ = {isa = PBXFileReference; fileEncoding = 4; lastKnownFileType = sourcecode.c.objc; path = ZYHomeViewModel.m; sourceTree = "<group>"; };
		0917CB5D1D7FBE0D00B4F4B2 /* ZYNotLoginView.h */ = {isa = PBXFileReference; fileEncoding = 4; lastKnownFileType = sourcecode.c.h; path = ZYNotLoginView.h; sourceTree = "<group>"; };
		0917CB5E1D7FBE0D00B4F4B2 /* ZYNotLoginView.m */ = {isa = PBXFileReference; fileEncoding = 4; lastKnownFileType = sourcecode.c.objc; path = ZYNotLoginView.m; sourceTree = "<group>"; };
		0917CB601D7FBE2300B4F4B2 /* ZYNotLoginView.xib */ = {isa = PBXFileReference; fileEncoding = 4; lastKnownFileType = file.xib; path = ZYNotLoginView.xib; sourceTree = "<group>"; };
		0948B7F31D7AA35D00524F98 /* ZYLoginViewModel.h */ = {isa = PBXFileReference; fileEncoding = 4; lastKnownFileType = sourcecode.c.h; path = ZYLoginViewModel.h; sourceTree = "<group>"; };
		0948B7F41D7AA35D00524F98 /* ZYLoginViewModel.m */ = {isa = PBXFileReference; fileEncoding = 4; lastKnownFileType = sourcecode.c.objc; path = ZYLoginViewModel.m; sourceTree = "<group>"; };
		0948B7F71D7BF8F000524F98 /* MBProgressHUD+MJ.h */ = {isa = PBXFileReference; fileEncoding = 4; lastKnownFileType = sourcecode.c.h; path = "MBProgressHUD+MJ.h"; sourceTree = "<group>"; };
		0948B7F81D7BF8F000524F98 /* MBProgressHUD+MJ.m */ = {isa = PBXFileReference; fileEncoding = 4; lastKnownFileType = sourcecode.c.objc; path = "MBProgressHUD+MJ.m"; sourceTree = "<group>"; };
		0948B7F91D7BF8F000524F98 /* MBProgressHUD.bundle */ = {isa = PBXFileReference; lastKnownFileType = "wrapper.plug-in"; path = MBProgressHUD.bundle; sourceTree = "<group>"; };
		0948B7FA1D7BF8F000524F98 /* MBProgressHUD.h */ = {isa = PBXFileReference; fileEncoding = 4; lastKnownFileType = sourcecode.c.h; path = MBProgressHUD.h; sourceTree = "<group>"; };
		0948B7FB1D7BF8F000524F98 /* MBProgressHUD.m */ = {isa = PBXFileReference; fileEncoding = 4; lastKnownFileType = sourcecode.c.objc; path = MBProgressHUD.m; sourceTree = "<group>"; };
		0948B8001D7BFCA400524F98 /* ZYTokenEntity.h */ = {isa = PBXFileReference; fileEncoding = 4; lastKnownFileType = sourcecode.c.h; path = ZYTokenEntity.h; sourceTree = "<group>"; };
		0948B8011D7BFCA400524F98 /* ZYTokenEntity.m */ = {isa = PBXFileReference; fileEncoding = 4; lastKnownFileType = sourcecode.c.objc; path = ZYTokenEntity.m; sourceTree = "<group>"; };
		0948B8031D7BFDB500524F98 /* NSObject+PropertyCode.h */ = {isa = PBXFileReference; fileEncoding = 4; lastKnownFileType = sourcecode.c.h; path = "NSObject+PropertyCode.h"; sourceTree = "<group>"; };
		0948B8041D7BFDB500524F98 /* NSObject+PropertyCode.m */ = {isa = PBXFileReference; fileEncoding = 4; lastKnownFileType = sourcecode.c.objc; path = "NSObject+PropertyCode.m"; sourceTree = "<group>"; };
		0948B8061D7D0D3900524F98 /* ZYNavigationProtocol.h */ = {isa = PBXFileReference; fileEncoding = 4; lastKnownFileType = sourcecode.c.h; path = ZYNavigationProtocol.h; sourceTree = "<group>"; };
		0948B8081D7D1A1200524F98 /* NSString+Sha1.h */ = {isa = PBXFileReference; fileEncoding = 4; lastKnownFileType = sourcecode.c.h; path = "NSString+Sha1.h"; sourceTree = "<group>"; };
		0948B8091D7D1A1200524F98 /* NSString+Sha1.m */ = {isa = PBXFileReference; fileEncoding = 4; lastKnownFileType = sourcecode.c.objc; path = "NSString+Sha1.m"; sourceTree = "<group>"; };
		0948B80A1D7D1A1200524F98 /* Reachability.h */ = {isa = PBXFileReference; fileEncoding = 4; lastKnownFileType = sourcecode.c.h; path = Reachability.h; sourceTree = "<group>"; };
		0948B80B1D7D1A1200524F98 /* Reachability.m */ = {isa = PBXFileReference; fileEncoding = 4; lastKnownFileType = sourcecode.c.objc; path = Reachability.m; sourceTree = "<group>"; };
		0948B80C1D7D1A1200524F98 /* RNCachingURLProtocol.h */ = {isa = PBXFileReference; fileEncoding = 4; lastKnownFileType = sourcecode.c.h; path = RNCachingURLProtocol.h; sourceTree = "<group>"; };
		0948B80D1D7D1A1200524F98 /* RNCachingURLProtocol.m */ = {isa = PBXFileReference; fileEncoding = 4; lastKnownFileType = sourcecode.c.objc; path = RNCachingURLProtocol.m; sourceTree = "<group>"; };
		0948B8111D7D22DB00524F98 /* ZYBaseTabBarVc.h */ = {isa = PBXFileReference; fileEncoding = 4; lastKnownFileType = sourcecode.c.h; path = ZYBaseTabBarVc.h; sourceTree = "<group>"; };
		0948B8121D7D22DB00524F98 /* ZYBaseTabBarVc.m */ = {isa = PBXFileReference; fileEncoding = 4; lastKnownFileType = sourcecode.c.objc; path = ZYBaseTabBarVc.m; sourceTree = "<group>"; };
		0948B8151D7D24A800524F98 /* MainVCSettings.json */ = {isa = PBXFileReference; fileEncoding = 4; lastKnownFileType = text.json; path = MainVCSettings.json; sourceTree = "<group>"; };
		0948B8171D7D252A00524F98 /* ZYTabBarViewModel.h */ = {isa = PBXFileReference; fileEncoding = 4; lastKnownFileType = sourcecode.c.h; path = ZYTabBarViewModel.h; sourceTree = "<group>"; };
		0948B8181D7D252A00524F98 /* ZYTabBarViewModel.m */ = {isa = PBXFileReference; fileEncoding = 4; lastKnownFileType = sourcecode.c.objc; path = ZYTabBarViewModel.m; sourceTree = "<group>"; };
		0948B81A1D7D25F100524F98 /* ZYVcSettingEntity.h */ = {isa = PBXFileReference; fileEncoding = 4; lastKnownFileType = sourcecode.c.h; path = ZYVcSettingEntity.h; sourceTree = "<group>"; };
		0948B81B1D7D25F100524F98 /* ZYVcSettingEntity.m */ = {isa = PBXFileReference; fileEncoding = 4; lastKnownFileType = sourcecode.c.objc; path = ZYVcSettingEntity.m; sourceTree = "<group>"; };
		0948B8221D7D2A1100524F98 /* ZYMessageVc.h */ = {isa = PBXFileReference; fileEncoding = 4; lastKnownFileType = sourcecode.c.h; path = ZYMessageVc.h; sourceTree = "<group>"; };
		0948B8231D7D2A1100524F98 /* ZYMessageVc.m */ = {isa = PBXFileReference; fileEncoding = 4; lastKnownFileType = sourcecode.c.objc; path = ZYMessageVc.m; sourceTree = "<group>"; };
		0948B8241D7D2A1100524F98 /* ZYMessageVc.xib */ = {isa = PBXFileReference; fileEncoding = 4; lastKnownFileType = file.xib; path = ZYMessageVc.xib; sourceTree = "<group>"; };
		0948B8271D7D2A4100524F98 /* ZYDiscoverVc.h */ = {isa = PBXFileReference; fileEncoding = 4; lastKnownFileType = sourcecode.c.h; path = ZYDiscoverVc.h; sourceTree = "<group>"; };
		0948B8281D7D2A4100524F98 /* ZYDiscoverVc.m */ = {isa = PBXFileReference; fileEncoding = 4; lastKnownFileType = sourcecode.c.objc; path = ZYDiscoverVc.m; sourceTree = "<group>"; };
		0948B8291D7D2A4100524F98 /* ZYDiscoverVc.xib */ = {isa = PBXFileReference; fileEncoding = 4; lastKnownFileType = file.xib; path = ZYDiscoverVc.xib; sourceTree = "<group>"; };
		0948B82C1D7D2A5B00524F98 /* ZYProfileVc.h */ = {isa = PBXFileReference; fileEncoding = 4; lastKnownFileType = sourcecode.c.h; path = ZYProfileVc.h; sourceTree = "<group>"; };
		0948B82D1D7D2A5B00524F98 /* ZYProfileVc.m */ = {isa = PBXFileReference; fileEncoding = 4; lastKnownFileType = sourcecode.c.objc; path = ZYProfileVc.m; sourceTree = "<group>"; };
		0948B82E1D7D2A5B00524F98 /* ZYProfileVc.xib */ = {isa = PBXFileReference; fileEncoding = 4; lastKnownFileType = file.xib; path = ZYProfileVc.xib; sourceTree = "<group>"; };
		0948B8311D7D2B6E00524F98 /* ZYNullVc.h */ = {isa = PBXFileReference; fileEncoding = 4; lastKnownFileType = sourcecode.c.h; path = ZYNullVc.h; sourceTree = "<group>"; };
		0948B8321D7D2B6E00524F98 /* ZYNullVc.m */ = {isa = PBXFileReference; fileEncoding = 4; lastKnownFileType = sourcecode.c.objc; path = ZYNullVc.m; sourceTree = "<group>"; };
		096EC39C1D79549300580848 /* ZYRequestHander.h */ = {isa = PBXFileReference; fileEncoding = 4; lastKnownFileType = sourcecode.c.h; path = ZYRequestHander.h; sourceTree = "<group>"; };
		096EC39D1D79549300580848 /* ZYRequestHander.m */ = {isa = PBXFileReference; fileEncoding = 4; lastKnownFileType = sourcecode.c.objc; path = ZYRequestHander.m; sourceTree = "<group>"; };
		097317E11D77187E007D8082 /* ZYLoginVc.h */ = {isa = PBXFileReference; fileEncoding = 4; lastKnownFileType = sourcecode.c.h; path = ZYLoginVc.h; sourceTree = "<group>"; };
		097317E21D77187E007D8082 /* ZYLoginVc.m */ = {isa = PBXFileReference; fileEncoding = 4; lastKnownFileType = sourcecode.c.objc; path = ZYLoginVc.m; sourceTree = "<group>"; };
		097317E31D77187E007D8082 /* ZYLoginVc.xib */ = {isa = PBXFileReference; fileEncoding = 4; lastKnownFileType = file.xib; path = ZYLoginVc.xib; sourceTree = "<group>"; };
		0986850B1D77D663006AB774 /* ZYAPIMacro.h */ = {isa = PBXFileReference; fileEncoding = 4; lastKnownFileType = sourcecode.c.h; path = ZYAPIMacro.h; sourceTree = "<group>"; };
		0986850C1D77D697006AB774 /* ZYColorMacro.h */ = {isa = PBXFileReference; fileEncoding = 4; lastKnownFileType = sourcecode.c.h; path = ZYColorMacro.h; sourceTree = "<group>"; };
		0986850D1D77D6A9006AB774 /* ZYNotificationMacro.h */ = {isa = PBXFileReference; lastKnownFileType = sourcecode.c.h; path = ZYNotificationMacro.h; sourceTree = "<group>"; };
		0986850E1D77D6BD006AB774 /* ZYParamKeyMacro.h */ = {isa = PBXFileReference; lastKnownFileType = sourcecode.c.h; path = ZYParamKeyMacro.h; sourceTree = "<group>"; };
		0986850F1D77D6F3006AB774 /* ZYCommonKeyMacro.h */ = {isa = PBXFileReference; lastKnownFileType = sourcecode.c.h; path = ZYCommonKeyMacro.h; sourceTree = "<group>"; };
		098685111D77D97C006AB774 /* UIView+ZYPosition.h */ = {isa = PBXFileReference; fileEncoding = 4; lastKnownFileType = sourcecode.c.h; path = "UIView+ZYPosition.h"; sourceTree = "<group>"; };
		098685121D77D97C006AB774 /* UIView+ZYPosition.m */ = {isa = PBXFileReference; fileEncoding = 4; lastKnownFileType = sourcecode.c.objc; path = "UIView+ZYPosition.m"; sourceTree = "<group>"; };
		098685141D77DB60006AB774 /* ZYFilePathUtil.h */ = {isa = PBXFileReference; fileEncoding = 4; lastKnownFileType = sourcecode.c.h; path = ZYFilePathUtil.h; sourceTree = "<group>"; };
		098685151D77DB60006AB774 /* ZYFilePathUtil.m */ = {isa = PBXFileReference; fileEncoding = 4; lastKnownFileType = sourcecode.c.objc; path = ZYFilePathUtil.m; sourceTree = "<group>"; };
		0986851A1D77E209006AB774 /* NSString+ZYAccessPath.h */ = {isa = PBXFileReference; fileEncoding = 4; lastKnownFileType = sourcecode.c.h; path = "NSString+ZYAccessPath.h"; sourceTree = "<group>"; };
		0986851B1D77E209006AB774 /* NSString+ZYAccessPath.m */ = {isa = PBXFileReference; fileEncoding = 4; lastKnownFileType = sourcecode.c.objc; path = "NSString+ZYAccessPath.m"; sourceTree = "<group>"; };
		0986851D1D77E644006AB774 /* ZYDefaultAccessUtil.h */ = {isa = PBXFileReference; fileEncoding = 4; lastKnownFileType = sourcecode.c.h; path = ZYDefaultAccessUtil.h; sourceTree = "<group>"; };
		0986851E1D77E644006AB774 /* ZYDefaultAccessUtil.m */ = {isa = PBXFileReference; fileEncoding = 4; lastKnownFileType = sourcecode.c.objc; path = ZYDefaultAccessUtil.m; sourceTree = "<group>"; };
		0989A07B1D7832530050BA22 /* ZYUrlAccessUtil.h */ = {isa = PBXFileReference; fileEncoding = 4; lastKnownFileType = sourcecode.c.h; path = ZYUrlAccessUtil.h; sourceTree = "<group>"; };
		0989A07C1D7832530050BA22 /* ZYUrlAccessUtil.m */ = {isa = PBXFileReference; fileEncoding = 4; lastKnownFileType = sourcecode.c.objc; path = ZYUrlAccessUtil.m; sourceTree = "<group>"; };
		0989A07F1D7848D90050BA22 /* NSString+Hashing.h */ = {isa = PBXFileReference; fileEncoding = 4; lastKnownFileType = sourcecode.c.h; path = "NSString+Hashing.h"; sourceTree = "<group>"; };
		0989A0801D7848D90050BA22 /* NSString+Hashing.m */ = {isa = PBXFileReference; fileEncoding = 4; lastKnownFileType = sourcecode.c.objc; path = "NSString+Hashing.m"; sourceTree = "<group>"; };
		09BCE6BE1D87EC8E00C83D61 /* ZYTransitionUtil.h */ = {isa = PBXFileReference; fileEncoding = 4; lastKnownFileType = sourcecode.c.h; path = ZYTransitionUtil.h; sourceTree = "<group>"; };
		09BCE6BF1D87EC8E00C83D61 /* ZYTransitionUtil.m */ = {isa = PBXFileReference; fileEncoding = 4; lastKnownFileType = sourcecode.c.objc; path = ZYTransitionUtil.m; sourceTree = "<group>"; };
		09C4C76D1D76BBC3002B21E2 /* ReactiveCocoaDemo.app */ = {isa = PBXFileReference; explicitFileType = wrapper.application; includeInIndex = 0; path = ReactiveCocoaDemo.app; sourceTree = BUILT_PRODUCTS_DIR; };
		09C4C7711D76BBC3002B21E2 /* main.m */ = {isa = PBXFileReference; lastKnownFileType = sourcecode.c.objc; path = main.m; sourceTree = "<group>"; };
		09C4C7731D76BBC3002B21E2 /* AppDelegate.h */ = {isa = PBXFileReference; lastKnownFileType = sourcecode.c.h; path = AppDelegate.h; sourceTree = "<group>"; };
		09C4C7741D76BBC3002B21E2 /* AppDelegate.m */ = {isa = PBXFileReference; lastKnownFileType = sourcecode.c.objc; path = AppDelegate.m; sourceTree = "<group>"; };
		09C4C77D1D76BBC3002B21E2 /* ReactiveCocoaDemo.xcdatamodel */ = {isa = PBXFileReference; lastKnownFileType = wrapper.xcdatamodel; path = ReactiveCocoaDemo.xcdatamodel; sourceTree = "<group>"; };
		09C4C77F1D76BBC3002B21E2 /* Assets.xcassets */ = {isa = PBXFileReference; lastKnownFileType = folder.assetcatalog; path = Assets.xcassets; sourceTree = "<group>"; };
		09C4C7841D76BBC3002B21E2 /* Info.plist */ = {isa = PBXFileReference; lastKnownFileType = text.plist.xml; path = Info.plist; sourceTree = "<group>"; };
		09C4C7891D76BBC3002B21E2 /* ReactiveCocoaDemoTests.xctest */ = {isa = PBXFileReference; explicitFileType = wrapper.cfbundle; includeInIndex = 0; path = ReactiveCocoaDemoTests.xctest; sourceTree = BUILT_PRODUCTS_DIR; };
		09C4C78D1D76BBC3002B21E2 /* ReactiveCocoaDemoTests.m */ = {isa = PBXFileReference; lastKnownFileType = sourcecode.c.objc; path = ReactiveCocoaDemoTests.m; sourceTree = "<group>"; };
		09C4C78F1D76BBC3002B21E2 /* Info.plist */ = {isa = PBXFileReference; lastKnownFileType = text.plist.xml; path = Info.plist; sourceTree = "<group>"; };
		09C4C7941D76BBC3002B21E2 /* ReactiveCocoaDemoUITests.xctest */ = {isa = PBXFileReference; explicitFileType = wrapper.cfbundle; includeInIndex = 0; path = ReactiveCocoaDemoUITests.xctest; sourceTree = BUILT_PRODUCTS_DIR; };
		09C4C7981D76BBC3002B21E2 /* ReactiveCocoaDemoUITests.m */ = {isa = PBXFileReference; lastKnownFileType = sourcecode.c.objc; path = ReactiveCocoaDemoUITests.m; sourceTree = "<group>"; };
		09C4C79A1D76BBC3002B21E2 /* Info.plist */ = {isa = PBXFileReference; lastKnownFileType = text.plist.xml; path = Info.plist; sourceTree = "<group>"; };
		09C4C7A81D76D025002B21E2 /* PrefixHeader.pch */ = {isa = PBXFileReference; lastKnownFileType = sourcecode.c.h; path = PrefixHeader.pch; sourceTree = "<group>"; };
		09C4C7B31D76D317002B21E2 /* ZYBaseEntity.h */ = {isa = PBXFileReference; fileEncoding = 4; lastKnownFileType = sourcecode.c.h; path = ZYBaseEntity.h; sourceTree = "<group>"; };
		09C4C7B41D76D317002B21E2 /* ZYBaseEntity.m */ = {isa = PBXFileReference; fileEncoding = 4; lastKnownFileType = sourcecode.c.objc; path = ZYBaseEntity.m; sourceTree = "<group>"; };
		09C4C7B91D76D348002B21E2 /* ZYBaseViewController.h */ = {isa = PBXFileReference; fileEncoding = 4; lastKnownFileType = sourcecode.c.h; path = ZYBaseViewController.h; sourceTree = "<group>"; };
		09C4C7BA1D76D348002B21E2 /* ZYBaseViewController.m */ = {isa = PBXFileReference; fileEncoding = 4; lastKnownFileType = sourcecode.c.objc; path = ZYBaseViewController.m; sourceTree = "<group>"; };
		09C4C7BC1D76D397002B21E2 /* ZYBaseViewModel.h */ = {isa = PBXFileReference; fileEncoding = 4; lastKnownFileType = sourcecode.c.h; path = ZYBaseViewModel.h; sourceTree = "<group>"; };
		09C4C7BD1D76D397002B21E2 /* ZYBaseViewModel.m */ = {isa = PBXFileReference; fileEncoding = 4; lastKnownFileType = sourcecode.c.objc; path = ZYBaseViewModel.m; sourceTree = "<group>"; };
		51738A77BF3B86FC7CCBF3EE /* Pods-ReactiveCocoaDemo.debug.xcconfig */ = {isa = PBXFileReference; includeInIndex = 1; lastKnownFileType = text.xcconfig; name = "Pods-ReactiveCocoaDemo.debug.xcconfig"; path = "Pods/Target Support Files/Pods-ReactiveCocoaDemo/Pods-ReactiveCocoaDemo.debug.xcconfig"; sourceTree = "<group>"; };
		BC4121602238815D3BD4A088 /* Pods-ReactiveCocoaDemo.release.xcconfig */ = {isa = PBXFileReference; includeInIndex = 1; lastKnownFileType = text.xcconfig; name = "Pods-ReactiveCocoaDemo.release.xcconfig"; path = "Pods/Target Support Files/Pods-ReactiveCocoaDemo/Pods-ReactiveCocoaDemo.release.xcconfig"; sourceTree = "<group>"; };
		D2E8596DD081B8CC055D0426 /* Pods_ReactiveCocoaDemo.framework */ = {isa = PBXFileReference; explicitFileType = wrapper.framework; includeInIndex = 0; path = Pods_ReactiveCocoaDemo.framework; sourceTree = BUILT_PRODUCTS_DIR; };
/* End PBXFileReference section */

/* Begin PBXFrameworksBuildPhase section */
		09C4C76A1D76BBC3002B21E2 /* Frameworks */ = {
			isa = PBXFrameworksBuildPhase;
			buildActionMask = 2147483647;
			files = (
				09030CB61D7945A000106B5E /* SystemConfiguration.framework in Frameworks */,
				5761515A04C2DD57E60C519B /* Pods_ReactiveCocoaDemo.framework in Frameworks */,
			);
			runOnlyForDeploymentPostprocessing = 0;
		};
		09C4C7861D76BBC3002B21E2 /* Frameworks */ = {
			isa = PBXFrameworksBuildPhase;
			buildActionMask = 2147483647;
			files = (
			);
			runOnlyForDeploymentPostprocessing = 0;
		};
		09C4C7911D76BBC3002B21E2 /* Frameworks */ = {
			isa = PBXFrameworksBuildPhase;
			buildActionMask = 2147483647;
			files = (
			);
			runOnlyForDeploymentPostprocessing = 0;
		};
/* End PBXFrameworksBuildPhase section */

/* Begin PBXGroup section */
		09122D801D8142280082EF20 /* Vc */ = {
			isa = PBXGroup;
			children = (
				09122D821D8142740082EF20 /* ZYNewFeatureVc.h */,
				09122D831D8142740082EF20 /* ZYNewFeatureVc.m */,
			);
			path = Vc;
			sourceTree = "<group>";
		};
		09122D811D81423E0082EF20 /* ViewModel */ = {
			isa = PBXGroup;
			children = (
				09122D8A1D825CD70082EF20 /* ZYFeatureViewModel.h */,
				09122D8B1D825CD70082EF20 /* ZYFeatureViewModel.m */,
			);
			path = ViewModel;
			sourceTree = "<group>";
		};
		0917CB511D7FB91E00B4F4B2 /* Model */ = {
			isa = PBXGroup;
			children = (
			);
			path = Model;
			sourceTree = "<group>";
		};
		0917CB521D7FB91E00B4F4B2 /* Vc */ = {
			isa = PBXGroup;
			children = (
				0917CB531D7FB91E00B4F4B2 /* ZYHomeVc.h */,
				0917CB541D7FB91E00B4F4B2 /* ZYHomeVc.m */,
				0917CB551D7FB91E00B4F4B2 /* ZYHomeVc.xib */,
			);
			path = Vc;
			sourceTree = "<group>";
		};
		0917CB561D7FB91E00B4F4B2 /* View */ = {
			isa = PBXGroup;
			children = (
				0917CB5D1D7FBE0D00B4F4B2 /* ZYNotLoginView.h */,
				0917CB5E1D7FBE0D00B4F4B2 /* ZYNotLoginView.m */,
				0917CB601D7FBE2300B4F4B2 /* ZYNotLoginView.xib */,
			);
			path = View;
			sourceTree = "<group>";
		};
		0917CB571D7FB91E00B4F4B2 /* ViewModel */ = {
			isa = PBXGroup;
			children = (
				0917CB5A1D7FB99100B4F4B2 /* ZYHomeViewModel.h */,
				0917CB5B1D7FB99100B4F4B2 /* ZYHomeViewModel.m */,
			);
			path = ViewModel;
			sourceTree = "<group>";
		};
		0948B7F61D7BF8F000524F98 /* MBProgressHUD */ = {
			isa = PBXGroup;
			children = (
				0948B7F71D7BF8F000524F98 /* MBProgressHUD+MJ.h */,
				0948B7F81D7BF8F000524F98 /* MBProgressHUD+MJ.m */,
				0948B7F91D7BF8F000524F98 /* MBProgressHUD.bundle */,
				0948B7FA1D7BF8F000524F98 /* MBProgressHUD.h */,
				0948B7FB1D7BF8F000524F98 /* MBProgressHUD.m */,
			);
			path = MBProgressHUD;
			sourceTree = "<group>";
		};
		0948B7FF1D7BFC5300524F98 /* Model */ = {
			isa = PBXGroup;
			children = (
				0948B8001D7BFCA400524F98 /* ZYTokenEntity.h */,
				0948B8011D7BFCA400524F98 /* ZYTokenEntity.m */,
			);
			path = Model;
			sourceTree = "<group>";
		};
		0948B8071D7D1A1200524F98 /* WebViewCache */ = {
			isa = PBXGroup;
			children = (
				0948B8081D7D1A1200524F98 /* NSString+Sha1.h */,
				0948B8091D7D1A1200524F98 /* NSString+Sha1.m */,
				0948B80A1D7D1A1200524F98 /* Reachability.h */,
				0948B80B1D7D1A1200524F98 /* Reachability.m */,
				0948B80C1D7D1A1200524F98 /* RNCachingURLProtocol.h */,
				0948B80D1D7D1A1200524F98 /* RNCachingURLProtocol.m */,
			);
			path = WebViewCache;
			sourceTree = "<group>";
		};
		0948B8141D7D24A800524F98 /* Resource */ = {
			isa = PBXGroup;
			children = (
				0948B8151D7D24A800524F98 /* MainVCSettings.json */,
			);
			path = Resource;
			sourceTree = "<group>";
		};
		098684FF1D77D3DE006AB774 /* Utils */ = {
			isa = PBXGroup;
			children = (
				098685001D77D3F1006AB774 /* DataAccess */,
				09BCE6BE1D87EC8E00C83D61 /* ZYTransitionUtil.h */,
				09BCE6BF1D87EC8E00C83D61 /* ZYTransitionUtil.m */,
			);
			path = Utils;
			sourceTree = "<group>";
		};
		098685001D77D3F1006AB774 /* DataAccess */ = {
			isa = PBXGroup;
			children = (
				098685141D77DB60006AB774 /* ZYFilePathUtil.h */,
				098685151D77DB60006AB774 /* ZYFilePathUtil.m */,
				0986851D1D77E644006AB774 /* ZYDefaultAccessUtil.h */,
				0986851E1D77E644006AB774 /* ZYDefaultAccessUtil.m */,
				0989A07B1D7832530050BA22 /* ZYUrlAccessUtil.h */,
				0989A07C1D7832530050BA22 /* ZYUrlAccessUtil.m */,
			);
			path = DataAccess;
			sourceTree = "<group>";
		};
		098685011D77D433006AB774 /* Macro */ = {
			isa = PBXGroup;
			children = (
				0986850B1D77D663006AB774 /* ZYAPIMacro.h */,
				0986850C1D77D697006AB774 /* ZYColorMacro.h */,
				0986850D1D77D6A9006AB774 /* ZYNotificationMacro.h */,
				0986850E1D77D6BD006AB774 /* ZYParamKeyMacro.h */,
				0986850F1D77D6F3006AB774 /* ZYCommonKeyMacro.h */,
			);
			path = Macro;
			sourceTree = "<group>";
		};
		098685101D77D769006AB774 /* Category */ = {
			isa = PBXGroup;
			children = (
				0948B8031D7BFDB500524F98 /* NSObject+PropertyCode.h */,
				0948B8041D7BFDB500524F98 /* NSObject+PropertyCode.m */,
				098685111D77D97C006AB774 /* UIView+ZYPosition.h */,
				098685121D77D97C006AB774 /* UIView+ZYPosition.m */,
				0986851A1D77E209006AB774 /* NSString+ZYAccessPath.h */,
				0986851B1D77E209006AB774 /* NSString+ZYAccessPath.m */,
			);
			path = Category;
			sourceTree = "<group>";
		};
		098685201D782CD6006AB774 /* ThirdParty */ = {
			isa = PBXGroup;
			children = (
				0948B8071D7D1A1200524F98 /* WebViewCache */,
				0948B7F61D7BF8F000524F98 /* MBProgressHUD */,
				0989A07E1D7848D90050BA22 /* MD5 */,
			);
			path = ThirdParty;
			sourceTree = "<group>";
		};
		0989A0771D782F140050BA22 /* Network */ = {
			isa = PBXGroup;
			children = (
				09030CB21D7925AE00106B5E /* ZYHttpClient.h */,
				09030CB31D7925AE00106B5E /* ZYHttpClient.m */,
				096EC39C1D79549300580848 /* ZYRequestHander.h */,
				096EC39D1D79549300580848 /* ZYRequestHander.m */,
			);
			path = Network;
			sourceTree = "<group>";
		};
		0989A07E1D7848D90050BA22 /* MD5 */ = {
			isa = PBXGroup;
			children = (
				0989A07F1D7848D90050BA22 /* NSString+Hashing.h */,
				0989A0801D7848D90050BA22 /* NSString+Hashing.m */,
			);
			path = MD5;
			sourceTree = "<group>";
		};
		09C4C7641D76BBC3002B21E2 = {
			isa = PBXGroup;
			children = (
				09C4C76F1D76BBC3002B21E2 /* ReactiveCocoaDemo */,
				09C4C78C1D76BBC3002B21E2 /* ReactiveCocoaDemoTests */,
				09C4C7971D76BBC3002B21E2 /* ReactiveCocoaDemoUITests */,
				09C4C76E1D76BBC3002B21E2 /* Products */,
				9B6EC6EDBE91759CEF5C143A /* Pods */,
				79DD8D2F1FDEF9F0D43400E8 /* Frameworks */,
			);
			sourceTree = "<group>";
		};
		09C4C76E1D76BBC3002B21E2 /* Products */ = {
			isa = PBXGroup;
			children = (
				09C4C76D1D76BBC3002B21E2 /* ReactiveCocoaDemo.app */,
				09C4C7891D76BBC3002B21E2 /* ReactiveCocoaDemoTests.xctest */,
				09C4C7941D76BBC3002B21E2 /* ReactiveCocoaDemoUITests.xctest */,
			);
			name = Products;
			sourceTree = "<group>";
		};
		09C4C76F1D76BBC3002B21E2 /* ReactiveCocoaDemo */ = {
			isa = PBXGroup;
			children = (
				09C4C7731D76BBC3002B21E2 /* AppDelegate.h */,
				09C4C7741D76BBC3002B21E2 /* AppDelegate.m */,
				09C4C7A61D76BEFB002B21E2 /* Class */,
				09C4C7701D76BBC3002B21E2 /* Supporting Files */,
			);
			path = ReactiveCocoaDemo;
			sourceTree = "<group>";
		};
		09C4C7701D76BBC3002B21E2 /* Supporting Files */ = {
			isa = PBXGroup;
			children = (
				09C4C77F1D76BBC3002B21E2 /* Assets.xcassets */,
				09C4C7841D76BBC3002B21E2 /* Info.plist */,
				09C4C77C1D76BBC3002B21E2 /* ReactiveCocoaDemo.xcdatamodeld */,
				09C4C7711D76BBC3002B21E2 /* main.m */,
				09C4C7A81D76D025002B21E2 /* PrefixHeader.pch */,
			);
			name = "Supporting Files";
			sourceTree = "<group>";
		};
		09C4C78C1D76BBC3002B21E2 /* ReactiveCocoaDemoTests */ = {
			isa = PBXGroup;
			children = (
				09C4C78D1D76BBC3002B21E2 /* ReactiveCocoaDemoTests.m */,
				09C4C78F1D76BBC3002B21E2 /* Info.plist */,
			);
			path = ReactiveCocoaDemoTests;
			sourceTree = "<group>";
		};
		09C4C7971D76BBC3002B21E2 /* ReactiveCocoaDemoUITests */ = {
			isa = PBXGroup;
			children = (
				09C4C7981D76BBC3002B21E2 /* ReactiveCocoaDemoUITests.m */,
				09C4C79A1D76BBC3002B21E2 /* Info.plist */,
			);
			path = ReactiveCocoaDemoUITests;
			sourceTree = "<group>";
		};
		09C4C7A61D76BEFB002B21E2 /* Class */ = {
			isa = PBXGroup;
			children = (
				098685201D782CD6006AB774 /* ThirdParty */,
				098685011D77D433006AB774 /* Macro */,
				098684FF1D77D3DE006AB774 /* Utils */,
				09C4C7AD1D76D21C002B21E2 /* Base */,
				09C4C7BF1D76D467002B21E2 /* Login */,
				09C4C7C01D76D481002B21E2 /* NewFeature */,
				09C4C7AA1D76D13D002B21E2 /* Home */,
				09C4C7A91D76D13D002B21E2 /* Discover */,
				09C4C7AB1D76D13D002B21E2 /* Message */,
				09C4C7AC1D76D13D002B21E2 /* Mine */,
			);
			path = Class;
			sourceTree = "<group>";
		};
		09C4C7A91D76D13D002B21E2 /* Discover */ = {
			isa = PBXGroup;
			children = (
				0948B8271D7D2A4100524F98 /* ZYDiscoverVc.h */,
				0948B8281D7D2A4100524F98 /* ZYDiscoverVc.m */,
				0948B8291D7D2A4100524F98 /* ZYDiscoverVc.xib */,
			);
			path = Discover;
			sourceTree = "<group>";
		};
		09C4C7AA1D76D13D002B21E2 /* Home */ = {
			isa = PBXGroup;
			children = (
				0917CB511D7FB91E00B4F4B2 /* Model */,
				0917CB521D7FB91E00B4F4B2 /* Vc */,
				0917CB561D7FB91E00B4F4B2 /* View */,
				0917CB571D7FB91E00B4F4B2 /* ViewModel */,
			);
			path = Home;
			sourceTree = "<group>";
		};
		09C4C7AB1D76D13D002B21E2 /* Message */ = {
			isa = PBXGroup;
			children = (
				0948B8221D7D2A1100524F98 /* ZYMessageVc.h */,
				0948B8231D7D2A1100524F98 /* ZYMessageVc.m */,
				0948B8241D7D2A1100524F98 /* ZYMessageVc.xib */,
			);
			path = Message;
			sourceTree = "<group>";
		};
		09C4C7AC1D76D13D002B21E2 /* Mine */ = {
			isa = PBXGroup;
			children = (
				0948B82C1D7D2A5B00524F98 /* ZYProfileVc.h */,
				0948B82D1D7D2A5B00524F98 /* ZYProfileVc.m */,
				0948B82E1D7D2A5B00524F98 /* ZYProfileVc.xib */,
			);
			path = Mine;
			sourceTree = "<group>";
		};
		09C4C7AD1D76D21C002B21E2 /* Base */ = {
			isa = PBXGroup;
			children = (
				0948B8141D7D24A800524F98 /* Resource */,
				0989A0771D782F140050BA22 /* Network */,
				09C4C7AF1D76D259002B21E2 /* Protocol */,
				098685101D77D769006AB774 /* Category */,
				09C4C7AE1D76D259002B21E2 /* Model */,
				09C4C7B01D76D259002B21E2 /* Vc */,
				09C4C7B11D76D259002B21E2 /* View */,
				09C4C7B21D76D259002B21E2 /* ViewModel */,
			);
			path = Base;
			sourceTree = "<group>";
		};
		09C4C7AE1D76D259002B21E2 /* Model */ = {
			isa = PBXGroup;
			children = (
				09C4C7B31D76D317002B21E2 /* ZYBaseEntity.h */,
				09C4C7B41D76D317002B21E2 /* ZYBaseEntity.m */,
				0948B81A1D7D25F100524F98 /* ZYVcSettingEntity.h */,
				0948B81B1D7D25F100524F98 /* ZYVcSettingEntity.m */,
				0948B8311D7D2B6E00524F98 /* ZYNullVc.h */,
				0948B8321D7D2B6E00524F98 /* ZYNullVc.m */,
			);
			path = Model;
			sourceTree = "<group>";
		};
		09C4C7AF1D76D259002B21E2 /* Protocol */ = {
			isa = PBXGroup;
			children = (
				0948B8061D7D0D3900524F98 /* ZYNavigationProtocol.h */,
			);
			path = Protocol;
			sourceTree = "<group>";
		};
		09C4C7B01D76D259002B21E2 /* Vc */ = {
			isa = PBXGroup;
			children = (
				09C4C7B91D76D348002B21E2 /* ZYBaseViewController.h */,
				09C4C7BA1D76D348002B21E2 /* ZYBaseViewController.m */,
				0948B8111D7D22DB00524F98 /* ZYBaseTabBarVc.h */,
				0948B8121D7D22DB00524F98 /* ZYBaseTabBarVc.m */,
			);
			path = Vc;
			sourceTree = "<group>";
		};
		09C4C7B11D76D259002B21E2 /* View */ = {
			isa = PBXGroup;
			children = (
			);
			path = View;
			sourceTree = "<group>";
		};
		09C4C7B21D76D259002B21E2 /* ViewModel */ = {
			isa = PBXGroup;
			children = (
				09C4C7BC1D76D397002B21E2 /* ZYBaseViewModel.h */,
				09C4C7BD1D76D397002B21E2 /* ZYBaseViewModel.m */,
				0948B8171D7D252A00524F98 /* ZYTabBarViewModel.h */,
				0948B8181D7D252A00524F98 /* ZYTabBarViewModel.m */,
			);
			path = ViewModel;
			sourceTree = "<group>";
		};
		09C4C7BF1D76D467002B21E2 /* Login */ = {
			isa = PBXGroup;
			children = (
				0948B7FF1D7BFC5300524F98 /* Model */,
				09C4C7C21D76DDFA002B21E2 /* Vc */,
				09C4C7C31D76DDFA002B21E2 /* ViewModel */,
			);
			path = Login;
			sourceTree = "<group>";
		};
		09C4C7C01D76D481002B21E2 /* NewFeature */ = {
			isa = PBXGroup;
			children = (
				09122D811D81423E0082EF20 /* ViewModel */,
				09122D801D8142280082EF20 /* Vc */,
			);
			path = NewFeature;
			sourceTree = "<group>";
		};
		09C4C7C21D76DDFA002B21E2 /* Vc */ = {
			isa = PBXGroup;
			children = (
				097317E11D77187E007D8082 /* ZYLoginVc.h */,
				097317E21D77187E007D8082 /* ZYLoginVc.m */,
				097317E31D77187E007D8082 /* ZYLoginVc.xib */,
			);
			path = Vc;
			sourceTree = "<group>";
		};
		09C4C7C31D76DDFA002B21E2 /* ViewModel */ = {
			isa = PBXGroup;
			children = (
				0948B7F31D7AA35D00524F98 /* ZYLoginViewModel.h */,
				0948B7F41D7AA35D00524F98 /* ZYLoginViewModel.m */,
			);
			path = ViewModel;
			sourceTree = "<group>";
		};
		79DD8D2F1FDEF9F0D43400E8 /* Frameworks */ = {
			isa = PBXGroup;
			children = (
				09030CB51D7945A000106B5E /* SystemConfiguration.framework */,
				D2E8596DD081B8CC055D0426 /* Pods_ReactiveCocoaDemo.framework */,
			);
			name = Frameworks;
			sourceTree = "<group>";
		};
		9B6EC6EDBE91759CEF5C143A /* Pods */ = {
			isa = PBXGroup;
			children = (
				51738A77BF3B86FC7CCBF3EE /* Pods-ReactiveCocoaDemo.debug.xcconfig */,
				BC4121602238815D3BD4A088 /* Pods-ReactiveCocoaDemo.release.xcconfig */,
			);
			name = Pods;
			sourceTree = "<group>";
		};
/* End PBXGroup section */

/* Begin PBXNativeTarget section */
		09C4C76C1D76BBC3002B21E2 /* ReactiveCocoaDemo */ = {
			isa = PBXNativeTarget;
			buildConfigurationList = 09C4C79D1D76BBC3002B21E2 /* Build configuration list for PBXNativeTarget "ReactiveCocoaDemo" */;
			buildPhases = (
				F70E674B7E478D6C644D42A5 /* [CP] Check Pods Manifest.lock */,
				09C4C7691D76BBC3002B21E2 /* Sources */,
				09C4C76A1D76BBC3002B21E2 /* Frameworks */,
				09C4C76B1D76BBC3002B21E2 /* Resources */,
				B25CE861CB073422CEDADDD4 /* [CP] Embed Pods Frameworks */,
				14787E65AB037AFD0B5CAAA5 /* [CP] Copy Pods Resources */,
			);
			buildRules = (
			);
			dependencies = (
			);
			name = ReactiveCocoaDemo;
			productName = ReactiveCocoaDemo;
			productReference = 09C4C76D1D76BBC3002B21E2 /* ReactiveCocoaDemo.app */;
			productType = "com.apple.product-type.application";
		};
		09C4C7881D76BBC3002B21E2 /* ReactiveCocoaDemoTests */ = {
			isa = PBXNativeTarget;
			buildConfigurationList = 09C4C7A01D76BBC3002B21E2 /* Build configuration list for PBXNativeTarget "ReactiveCocoaDemoTests" */;
			buildPhases = (
				09C4C7851D76BBC3002B21E2 /* Sources */,
				09C4C7861D76BBC3002B21E2 /* Frameworks */,
				09C4C7871D76BBC3002B21E2 /* Resources */,
			);
			buildRules = (
			);
			dependencies = (
				09C4C78B1D76BBC3002B21E2 /* PBXTargetDependency */,
			);
			name = ReactiveCocoaDemoTests;
			productName = ReactiveCocoaDemoTests;
			productReference = 09C4C7891D76BBC3002B21E2 /* ReactiveCocoaDemoTests.xctest */;
			productType = "com.apple.product-type.bundle.unit-test";
		};
		09C4C7931D76BBC3002B21E2 /* ReactiveCocoaDemoUITests */ = {
			isa = PBXNativeTarget;
			buildConfigurationList = 09C4C7A31D76BBC3002B21E2 /* Build configuration list for PBXNativeTarget "ReactiveCocoaDemoUITests" */;
			buildPhases = (
				09C4C7901D76BBC3002B21E2 /* Sources */,
				09C4C7911D76BBC3002B21E2 /* Frameworks */,
				09C4C7921D76BBC3002B21E2 /* Resources */,
			);
			buildRules = (
			);
			dependencies = (
				09C4C7961D76BBC3002B21E2 /* PBXTargetDependency */,
			);
			name = ReactiveCocoaDemoUITests;
			productName = ReactiveCocoaDemoUITests;
			productReference = 09C4C7941D76BBC3002B21E2 /* ReactiveCocoaDemoUITests.xctest */;
			productType = "com.apple.product-type.bundle.ui-testing";
		};
/* End PBXNativeTarget section */

/* Begin PBXProject section */
		09C4C7651D76BBC3002B21E2 /* Project object */ = {
			isa = PBXProject;
			attributes = {
				CLASSPREFIX = ZY;
				LastUpgradeCheck = 0730;
				ORGANIZATIONNAME = "王志盼";
				TargetAttributes = {
					09C4C76C1D76BBC3002B21E2 = {
						CreatedOnToolsVersion = 7.3.1;
						DevelopmentTeam = T6FCKHRT95;
					};
					09C4C7881D76BBC3002B21E2 = {
						CreatedOnToolsVersion = 7.3.1;
						TestTargetID = 09C4C76C1D76BBC3002B21E2;
					};
					09C4C7931D76BBC3002B21E2 = {
						CreatedOnToolsVersion = 7.3.1;
						TestTargetID = 09C4C76C1D76BBC3002B21E2;
					};
				};
			};
			buildConfigurationList = 09C4C7681D76BBC3002B21E2 /* Build configuration list for PBXProject "ReactiveCocoaDemo" */;
			compatibilityVersion = "Xcode 3.2";
			developmentRegion = English;
			hasScannedForEncodings = 0;
			knownRegions = (
				en,
				Base,
			);
			mainGroup = 09C4C7641D76BBC3002B21E2;
			productRefGroup = 09C4C76E1D76BBC3002B21E2 /* Products */;
			projectDirPath = "";
			projectRoot = "";
			targets = (
				09C4C76C1D76BBC3002B21E2 /* ReactiveCocoaDemo */,
				09C4C7881D76BBC3002B21E2 /* ReactiveCocoaDemoTests */,
				09C4C7931D76BBC3002B21E2 /* ReactiveCocoaDemoUITests */,
			);
		};
/* End PBXProject section */

/* Begin PBXResourcesBuildPhase section */
		09C4C76B1D76BBC3002B21E2 /* Resources */ = {
			isa = PBXResourcesBuildPhase;
			buildActionMask = 2147483647;
			files = (
				09C4C7801D76BBC3002B21E2 /* Assets.xcassets in Resources */,
				0948B8261D7D2A1100524F98 /* ZYMessageVc.xib in Resources */,
				0917CB611D7FBE2300B4F4B2 /* ZYNotLoginView.xib in Resources */,
				0917CB591D7FB91E00B4F4B2 /* ZYHomeVc.xib in Resources */,
				0948B82B1D7D2A4100524F98 /* ZYDiscoverVc.xib in Resources */,
				097317E51D77187E007D8082 /* ZYLoginVc.xib in Resources */,
				0948B8301D7D2A5B00524F98 /* ZYProfileVc.xib in Resources */,
				0948B8161D7D24A800524F98 /* MainVCSettings.json in Resources */,
				0948B7FD1D7BF8F000524F98 /* MBProgressHUD.bundle in Resources */,
			);
			runOnlyForDeploymentPostprocessing = 0;
		};
		09C4C7871D76BBC3002B21E2 /* Resources */ = {
			isa = PBXResourcesBuildPhase;
			buildActionMask = 2147483647;
			files = (
			);
			runOnlyForDeploymentPostprocessing = 0;
		};
		09C4C7921D76BBC3002B21E2 /* Resources */ = {
			isa = PBXResourcesBuildPhase;
			buildActionMask = 2147483647;
			files = (
			);
			runOnlyForDeploymentPostprocessing = 0;
		};
/* End PBXResourcesBuildPhase section */

/* Begin PBXShellScriptBuildPhase section */
		14787E65AB037AFD0B5CAAA5 /* [CP] Copy Pods Resources */ = {
			isa = PBXShellScriptBuildPhase;
			buildActionMask = 2147483647;
			files = (
			);
			inputPaths = (
			);
			name = "[CP] Copy Pods Resources";
			outputPaths = (
			);
			runOnlyForDeploymentPostprocessing = 0;
			shellPath = /bin/sh;
			shellScript = "\"${SRCROOT}/Pods/Target Support Files/Pods-ReactiveCocoaDemo/Pods-ReactiveCocoaDemo-resources.sh\"\n";
			showEnvVarsInLog = 0;
		};
		B25CE861CB073422CEDADDD4 /* [CP] Embed Pods Frameworks */ = {
			isa = PBXShellScriptBuildPhase;
			buildActionMask = 2147483647;
			files = (
			);
			inputPaths = (
			);
			name = "[CP] Embed Pods Frameworks";
			outputPaths = (
			);
			runOnlyForDeploymentPostprocessing = 0;
			shellPath = /bin/sh;
			shellScript = "\"${SRCROOT}/Pods/Target Support Files/Pods-ReactiveCocoaDemo/Pods-ReactiveCocoaDemo-frameworks.sh\"\n";
			showEnvVarsInLog = 0;
		};
		F70E674B7E478D6C644D42A5 /* [CP] Check Pods Manifest.lock */ = {
			isa = PBXShellScriptBuildPhase;
			buildActionMask = 2147483647;
			files = (
			);
			inputPaths = (
			);
			name = "[CP] Check Pods Manifest.lock";
			outputPaths = (
			);
			runOnlyForDeploymentPostprocessing = 0;
			shellPath = /bin/sh;
			shellScript = "diff \"${PODS_ROOT}/../Podfile.lock\" \"${PODS_ROOT}/Manifest.lock\" > /dev/null\nif [[ $? != 0 ]] ; then\n    cat << EOM\nerror: The sandbox is not in sync with the Podfile.lock. Run 'pod install' or update your CocoaPods installation.\nEOM\n    exit 1\nfi\n";
			showEnvVarsInLog = 0;
		};
/* End PBXShellScriptBuildPhase section */

/* Begin PBXSourcesBuildPhase section */
		09C4C7691D76BBC3002B21E2 /* Sources */ = {
			isa = PBXSourcesBuildPhase;
			buildActionMask = 2147483647;
			files = (
				0917CB581D7FB91E00B4F4B2 /* ZYHomeVc.m in Sources */,
				0989A07D1D7832530050BA22 /* ZYUrlAccessUtil.m in Sources */,
				0917CB5F1D7FBE0D00B4F4B2 /* ZYNotLoginView.m in Sources */,
				0948B8101D7D1A1300524F98 /* RNCachingURLProtocol.m in Sources */,
				0948B8051D7BFDB500524F98 /* NSObject+PropertyCode.m in Sources */,
				09122D8C1D825CD70082EF20 /* ZYFeatureViewModel.m in Sources */,
				0948B81C1D7D25F100524F98 /* ZYVcSettingEntity.m in Sources */,
				09030CB41D7925AE00106B5E /* ZYHttpClient.m in Sources */,
				09C4C7BB1D76D348002B21E2 /* ZYBaseViewController.m in Sources */,
				0948B8331D7D2B6E00524F98 /* ZYNullVc.m in Sources */,
				0986851C1D77E209006AB774 /* NSString+ZYAccessPath.m in Sources */,
				0948B8131D7D22DB00524F98 /* ZYBaseTabBarVc.m in Sources */,
				09C4C7B51D76D317002B21E2 /* ZYBaseEntity.m in Sources */,
				098685131D77D97C006AB774 /* UIView+ZYPosition.m in Sources */,
				097317E41D77187E007D8082 /* ZYLoginVc.m in Sources */,
				096EC39E1D79549300580848 /* ZYRequestHander.m in Sources */,
				0948B8251D7D2A1100524F98 /* ZYMessageVc.m in Sources */,
				09BCE6C01D87EC8F00C83D61 /* ZYTransitionUtil.m in Sources */,
				0948B8021D7BFCA400524F98 /* ZYTokenEntity.m in Sources */,
				0948B82A1D7D2A4100524F98 /* ZYDiscoverVc.m in Sources */,
				0948B7FC1D7BF8F000524F98 /* MBProgressHUD+MJ.m in Sources */,
				0948B82F1D7D2A5B00524F98 /* ZYProfileVc.m in Sources */,
				0948B8191D7D252A00524F98 /* ZYTabBarViewModel.m in Sources */,
				0917CB5C1D7FB99100B4F4B2 /* ZYHomeViewModel.m in Sources */,
				0948B7F51D7AA35D00524F98 /* ZYLoginViewModel.m in Sources */,
				09C4C7BE1D76D397002B21E2 /* ZYBaseViewModel.m in Sources */,
				09C4C7751D76BBC3002B21E2 /* AppDelegate.m in Sources */,
				09122D841D8142740082EF20 /* ZYNewFeatureVc.m in Sources */,
				0948B80F1D7D1A1300524F98 /* Reachability.m in Sources */,
				0989A0811D7848D90050BA22 /* NSString+Hashing.m in Sources */,
				0948B7FE1D7BF8F000524F98 /* MBProgressHUD.m in Sources */,
				0986851F1D77E644006AB774 /* ZYDefaultAccessUtil.m in Sources */,
				09C4C7721D76BBC3002B21E2 /* main.m in Sources */,
				09C4C77E1D76BBC3002B21E2 /* ReactiveCocoaDemo.xcdatamodeld in Sources */,
				0948B80E1D7D1A1300524F98 /* NSString+Sha1.m in Sources */,
				098685161D77DB60006AB774 /* ZYFilePathUtil.m in Sources */,
			);
			runOnlyForDeploymentPostprocessing = 0;
		};
		09C4C7851D76BBC3002B21E2 /* Sources */ = {
			isa = PBXSourcesBuildPhase;
			buildActionMask = 2147483647;
			files = (
				09C4C78E1D76BBC3002B21E2 /* ReactiveCocoaDemoTests.m in Sources */,
			);
			runOnlyForDeploymentPostprocessing = 0;
		};
		09C4C7901D76BBC3002B21E2 /* Sources */ = {
			isa = PBXSourcesBuildPhase;
			buildActionMask = 2147483647;
			files = (
				09C4C7991D76BBC3002B21E2 /* ReactiveCocoaDemoUITests.m in Sources */,
			);
			runOnlyForDeploymentPostprocessing = 0;
		};
/* End PBXSourcesBuildPhase section */

/* Begin PBXTargetDependency section */
		09C4C78B1D76BBC3002B21E2 /* PBXTargetDependency */ = {
			isa = PBXTargetDependency;
			target = 09C4C76C1D76BBC3002B21E2 /* ReactiveCocoaDemo */;
			targetProxy = 09C4C78A1D76BBC3002B21E2 /* PBXContainerItemProxy */;
		};
		09C4C7961D76BBC3002B21E2 /* PBXTargetDependency */ = {
			isa = PBXTargetDependency;
			target = 09C4C76C1D76BBC3002B21E2 /* ReactiveCocoaDemo */;
			targetProxy = 09C4C7951D76BBC3002B21E2 /* PBXContainerItemProxy */;
		};
/* End PBXTargetDependency section */

/* Begin XCBuildConfiguration section */
		09C4C79B1D76BBC3002B21E2 /* Debug */ = {
			isa = XCBuildConfiguration;
			buildSettings = {
				ALWAYS_SEARCH_USER_PATHS = NO;
				CLANG_ANALYZER_NONNULL = YES;
				CLANG_CXX_LANGUAGE_STANDARD = "gnu++0x";
				CLANG_CXX_LIBRARY = "libc++";
				CLANG_ENABLE_MODULES = YES;
				CLANG_ENABLE_OBJC_ARC = YES;
				CLANG_WARN_BOOL_CONVERSION = YES;
				CLANG_WARN_CONSTANT_CONVERSION = YES;
				CLANG_WARN_DIRECT_OBJC_ISA_USAGE = YES_ERROR;
				CLANG_WARN_EMPTY_BODY = YES;
				CLANG_WARN_ENUM_CONVERSION = YES;
				CLANG_WARN_INT_CONVERSION = YES;
				CLANG_WARN_OBJC_ROOT_CLASS = YES_ERROR;
				CLANG_WARN_UNREACHABLE_CODE = YES;
				CLANG_WARN__DUPLICATE_METHOD_MATCH = YES;
				"CODE_SIGN_IDENTITY[sdk=iphoneos*]" = "iPhone Developer";
				COPY_PHASE_STRIP = NO;
				DEBUG_INFORMATION_FORMAT = dwarf;
				ENABLE_STRICT_OBJC_MSGSEND = YES;
				ENABLE_TESTABILITY = YES;
				GCC_C_LANGUAGE_STANDARD = gnu99;
				GCC_DYNAMIC_NO_PIC = NO;
				GCC_NO_COMMON_BLOCKS = YES;
				GCC_OPTIMIZATION_LEVEL = 0;
				GCC_PREPROCESSOR_DEFINITIONS = (
					"DEBUG=1",
					"$(inherited)",
				);
				GCC_WARN_64_TO_32_BIT_CONVERSION = YES;
				GCC_WARN_ABOUT_RETURN_TYPE = YES_ERROR;
				GCC_WARN_UNDECLARED_SELECTOR = YES;
				GCC_WARN_UNINITIALIZED_AUTOS = YES_AGGRESSIVE;
				GCC_WARN_UNUSED_FUNCTION = YES;
				GCC_WARN_UNUSED_VARIABLE = YES;
				IPHONEOS_DEPLOYMENT_TARGET = 9.3;
				MTL_ENABLE_DEBUG_INFO = YES;
				ONLY_ACTIVE_ARCH = YES;
				SDKROOT = iphoneos;
				TARGETED_DEVICE_FAMILY = "1,2";
			};
			name = Debug;
		};
		09C4C79C1D76BBC3002B21E2 /* Release */ = {
			isa = XCBuildConfiguration;
			buildSettings = {
				ALWAYS_SEARCH_USER_PATHS = NO;
				CLANG_ANALYZER_NONNULL = YES;
				CLANG_CXX_LANGUAGE_STANDARD = "gnu++0x";
				CLANG_CXX_LIBRARY = "libc++";
				CLANG_ENABLE_MODULES = YES;
				CLANG_ENABLE_OBJC_ARC = YES;
				CLANG_WARN_BOOL_CONVERSION = YES;
				CLANG_WARN_CONSTANT_CONVERSION = YES;
				CLANG_WARN_DIRECT_OBJC_ISA_USAGE = YES_ERROR;
				CLANG_WARN_EMPTY_BODY = YES;
				CLANG_WARN_ENUM_CONVERSION = YES;
				CLANG_WARN_INT_CONVERSION = YES;
				CLANG_WARN_OBJC_ROOT_CLASS = YES_ERROR;
				CLANG_WARN_UNREACHABLE_CODE = YES;
				CLANG_WARN__DUPLICATE_METHOD_MATCH = YES;
				"CODE_SIGN_IDENTITY[sdk=iphoneos*]" = "iPhone Developer";
				COPY_PHASE_STRIP = NO;
				DEBUG_INFORMATION_FORMAT = "dwarf-with-dsym";
				ENABLE_NS_ASSERTIONS = NO;
				ENABLE_STRICT_OBJC_MSGSEND = YES;
				GCC_C_LANGUAGE_STANDARD = gnu99;
				GCC_NO_COMMON_BLOCKS = YES;
				GCC_WARN_64_TO_32_BIT_CONVERSION = YES;
				GCC_WARN_ABOUT_RETURN_TYPE = YES_ERROR;
				GCC_WARN_UNDECLARED_SELECTOR = YES;
				GCC_WARN_UNINITIALIZED_AUTOS = YES_AGGRESSIVE;
				GCC_WARN_UNUSED_FUNCTION = YES;
				GCC_WARN_UNUSED_VARIABLE = YES;
				IPHONEOS_DEPLOYMENT_TARGET = 9.3;
				MTL_ENABLE_DEBUG_INFO = NO;
				SDKROOT = iphoneos;
				TARGETED_DEVICE_FAMILY = "1,2";
				VALIDATE_PRODUCT = YES;
			};
			name = Release;
		};
		09C4C79E1D76BBC3002B21E2 /* Debug */ = {
			isa = XCBuildConfiguration;
			baseConfigurationReference = 51738A77BF3B86FC7CCBF3EE /* Pods-ReactiveCocoaDemo.debug.xcconfig */;
			buildSettings = {
				ASSETCATALOG_COMPILER_APPICON_NAME = AppIcon;
				ASSETCATALOG_COMPILER_LAUNCHIMAGE_NAME = LaunchImage;
				CLANG_WARN_OBJC_IMPLICIT_RETAIN_SELF = YES;
				CODE_SIGN_IDENTITY = "iPhone Developer";
				GCC_PRECOMPILE_PREFIX_HEADER = YES;
				GCC_PREFIX_HEADER = ReactiveCocoaDemo/PrefixHeader.pch;
				INFOPLIST_FILE = ReactiveCocoaDemo/Info.plist;
				IPHONEOS_DEPLOYMENT_TARGET = 8.0;
				LD_RUNPATH_SEARCH_PATHS = "$(inherited) @executable_path/Frameworks";
				PRODUCT_BUNDLE_IDENTIFIER = com.chutong.www;
				PRODUCT_NAME = "$(TARGET_NAME)";
			};
			name = Debug;
		};
		09C4C79F1D76BBC3002B21E2 /* Release */ = {
			isa = XCBuildConfiguration;
			baseConfigurationReference = BC4121602238815D3BD4A088 /* Pods-ReactiveCocoaDemo.release.xcconfig */;
			buildSettings = {
				ASSETCATALOG_COMPILER_APPICON_NAME = AppIcon;
				ASSETCATALOG_COMPILER_LAUNCHIMAGE_NAME = LaunchImage;
				CLANG_WARN_OBJC_IMPLICIT_RETAIN_SELF = YES;
				CODE_SIGN_IDENTITY = "iPhone Developer";
				GCC_PRECOMPILE_PREFIX_HEADER = YES;
				GCC_PREFIX_HEADER = ReactiveCocoaDemo/PrefixHeader.pch;
				INFOPLIST_FILE = ReactiveCocoaDemo/Info.plist;
				IPHONEOS_DEPLOYMENT_TARGET = 8.0;
				LD_RUNPATH_SEARCH_PATHS = "$(inherited) @executable_path/Frameworks";
				PRODUCT_BUNDLE_IDENTIFIER = com.chutong.www;
				PRODUCT_NAME = "$(TARGET_NAME)";
			};
			name = Release;
		};
		09C4C7A11D76BBC3002B21E2 /* Debug */ = {
			isa = XCBuildConfiguration;
			buildSettings = {
				BUNDLE_LOADER = "$(TEST_HOST)";
				INFOPLIST_FILE = ReactiveCocoaDemoTests/Info.plist;
				LD_RUNPATH_SEARCH_PATHS = "$(inherited) @executable_path/Frameworks @loader_path/Frameworks";
				PRODUCT_BUNDLE_IDENTIFIER = "-111.ReactiveCocoaDemoTests";
				PRODUCT_NAME = "$(TARGET_NAME)";
				TEST_HOST = "$(BUILT_PRODUCTS_DIR)/ReactiveCocoaDemo.app/ReactiveCocoaDemo";
			};
			name = Debug;
		};
		09C4C7A21D76BBC3002B21E2 /* Release */ = {
			isa = XCBuildConfiguration;
			buildSettings = {
				BUNDLE_LOADER = "$(TEST_HOST)";
				INFOPLIST_FILE = ReactiveCocoaDemoTests/Info.plist;
				LD_RUNPATH_SEARCH_PATHS = "$(inherited) @executable_path/Frameworks @loader_path/Frameworks";
				PRODUCT_BUNDLE_IDENTIFIER = "-111.ReactiveCocoaDemoTests";
				PRODUCT_NAME = "$(TARGET_NAME)";
				TEST_HOST = "$(BUILT_PRODUCTS_DIR)/ReactiveCocoaDemo.app/ReactiveCocoaDemo";
			};
			name = Release;
		};
		09C4C7A41D76BBC3002B21E2 /* Debug */ = {
			isa = XCBuildConfiguration;
			buildSettings = {
				INFOPLIST_FILE = ReactiveCocoaDemoUITests/Info.plist;
				LD_RUNPATH_SEARCH_PATHS = "$(inherited) @executable_path/Frameworks @loader_path/Frameworks";
				PRODUCT_BUNDLE_IDENTIFIER = "-111.ReactiveCocoaDemoUITests";
				PRODUCT_NAME = "$(TARGET_NAME)";
				TEST_TARGET_NAME = ReactiveCocoaDemo;
			};
			name = Debug;
		};
		09C4C7A51D76BBC3002B21E2 /* Release */ = {
			isa = XCBuildConfiguration;
			buildSettings = {
				INFOPLIST_FILE = ReactiveCocoaDemoUITests/Info.plist;
				LD_RUNPATH_SEARCH_PATHS = "$(inherited) @executable_path/Frameworks @loader_path/Frameworks";
				PRODUCT_BUNDLE_IDENTIFIER = "-111.ReactiveCocoaDemoUITests";
				PRODUCT_NAME = "$(TARGET_NAME)";
				TEST_TARGET_NAME = ReactiveCocoaDemo;
			};
			name = Release;
		};
/* End XCBuildConfiguration section */

/* Begin XCConfigurationList section */
		09C4C7681D76BBC3002B21E2 /* Build configuration list for PBXProject "ReactiveCocoaDemo" */ = {
			isa = XCConfigurationList;
			buildConfigurations = (
				09C4C79B1D76BBC3002B21E2 /* Debug */,
				09C4C79C1D76BBC3002B21E2 /* Release */,
			);
			defaultConfigurationIsVisible = 0;
			defaultConfigurationName = Release;
		};
		09C4C79D1D76BBC3002B21E2 /* Build configuration list for PBXNativeTarget "ReactiveCocoaDemo" */ = {
			isa = XCConfigurationList;
			buildConfigurations = (
				09C4C79E1D76BBC3002B21E2 /* Debug */,
				09C4C79F1D76BBC3002B21E2 /* Release */,
			);
			defaultConfigurationIsVisible = 0;
			defaultConfigurationName = Release;
		};
		09C4C7A01D76BBC3002B21E2 /* Build configuration list for PBXNativeTarget "ReactiveCocoaDemoTests" */ = {
			isa = XCConfigurationList;
			buildConfigurations = (
				09C4C7A11D76BBC3002B21E2 /* Debug */,
				09C4C7A21D76BBC3002B21E2 /* Release */,
			);
			defaultConfigurationIsVisible = 0;
			defaultConfigurationName = Release;
		};
		09C4C7A31D76BBC3002B21E2 /* Build configuration list for PBXNativeTarget "ReactiveCocoaDemoUITests" */ = {
			isa = XCConfigurationList;
			buildConfigurations = (
				09C4C7A41D76BBC3002B21E2 /* Debug */,
				09C4C7A51D76BBC3002B21E2 /* Release */,
			);
			defaultConfigurationIsVisible = 0;
			defaultConfigurationName = Release;
		};
/* End XCConfigurationList section */

/* Begin XCVersionGroup section */
		09C4C77C1D76BBC3002B21E2 /* ReactiveCocoaDemo.xcdatamodeld */ = {
			isa = XCVersionGroup;
			children = (
				09C4C77D1D76BBC3002B21E2 /* ReactiveCocoaDemo.xcdatamodel */,
			);
			currentVersion = 09C4C77D1D76BBC3002B21E2 /* ReactiveCocoaDemo.xcdatamodel */;
			path = ReactiveCocoaDemo.xcdatamodeld;
			sourceTree = "<group>";
			versionGroupType = wrapper.xcdatamodel;
		};
/* End XCVersionGroup section */
	};
	rootObject = 09C4C7651D76BBC3002B21E2 /* Project object */;
}
